
Microsoft Visual Studio Solution File, Format Version 12.00
# Visual Studio Version 17
VisualStudioVersion = 17.14.37027.9 d17.14
MinimumVisualStudioVersion = 10.0.40219.1
Project("{FAE04EC0-301F-11D3-BF4B-00C04F79EFBC}") = "AdvancedC#01", "AdvancedC#01\AdvancedC#01.csproj", "{0E49CBCA-7ACC-477A-9BE4-8A982629A3E0}"
EndProject
Global
	GlobalSection(SolutionConfigurationPlatforms) = preSolution
		Debug|Any CPU = Debug|Any CPU
		Release|Any CPU = Release|Any CPU
	EndGlobalSection
	GlobalSection(ProjectConfigurationPlatforms) = postSolution
		{0E49CBCA-7ACC-477A-9BE4-8A982629A3E0}.Debug|Any CPU.ActiveCfg = Debug|Any CPU
		{0E49CBCA-7ACC-477A-9BE4-8A982629A3E0}.Debug|Any CPU.Build.0 = Debug|Any CPU
		{0E49CBCA-7ACC-477A-9BE4-8A982629A3E0}.Release|Any CPU.ActiveCfg = Release|Any CPU
		{0E49CBCA-7ACC-477A-9BE4-8A982629A3E0}.Release|Any CPU.Build.0 = Release|Any CPU
	EndGlobalSection
	GlobalSection(SolutionProperties) = preSolution
		HideSolutionNode = FALSE
	EndGlobalSection
	GlobalSection(ExtensibilityGlobals) = postSolution
		SolutionGuid = {6B0E188E-F565-470B-A7D6-B844ABEB3371}
	EndGlobalSection
EndGlobal
